
Microsoft Visual Studio Solution File, Format Version 12.00
# Visual Studio Version 17
VisualStudioVersion = 17.0.31903.59
MinimumVisualStudioVersion = 10.0.40219.1
Project("{2150E333-8FDC-42A3-9474-1A3956D46DE8}") = "src", "src", "{827E0CD3-B72D-47B6-A68D-7590B98EB39B}"
EndProject
Project("{FAE04EC0-301F-11D3-BF4B-00C04F79EFBC}") = "RuleEngine.Domain", "src\RuleEngine.Domain\RuleEngine.Domain.csproj", "{C37C2026-75A2-4A01-A982-3EA1AF159281}"
EndProject
Project("{FAE04EC0-301F-11D3-BF4B-00C04F79EFBC}") = "RuleEngine.Application", "src\RuleEngine.Application\RuleEngine.Application.csproj", "{CB2E2109-2A79-44B9-A855-FEC6B0346B82}"
EndProject
Project("{FAE04EC0-301F-11D3-BF4B-00C04F79EFBC}") = "RuleEngine.Infrastructure", "src\RuleEngine.Infrastructure\RuleEngine.Infrastructure.csproj", "{CA2FAF35-6A35-49E3-A0A2-1300CEFD0C2A}"
EndProject
Project("{FAE04EC0-301F-11D3-BF4B-00C04F79EFBC}") = "RuleEngine.Api", "src\RuleEngine.Api\RuleEngine.Api.csproj", "{EBA66A43-BABC-4D11-BDB4-7608B435526F}"
EndProject
Project("{2150E333-8FDC-42A3-9474-1A3956D46DE8}") = "tests", "tests", "{0AB3BF05-4346-4AA6-1389-037BE0695223}"
EndProject
Project("{FAE04EC0-301F-11D3-BF4B-00C04F79EFBC}") = "RuleEngine.Domain.Tests", "tests\RuleEngine.Domain.Tests\RuleEngine.Domain.Tests.csproj", "{F6293ED3-AEA5-4FEA-9130-82E45FA59BCB}"
EndProject
Project("{FAE04EC0-301F-11D3-BF4B-00C04F79EFBC}") = "RuleEngine.Application.Tests", "tests\RuleEngine.Application.Tests\RuleEngine.Application.Tests.csproj", "{53852608-A1FE-4C6F-8781-2831346D4439}"
EndProject
Project("{FAE04EC0-301F-11D3-BF4B-00C04F79EFBC}") = "RuleEngine.Infrastructure.Tests", "tests\RuleEngine.Infrastructure.Tests\RuleEngine.Infrastructure.Tests.csproj", "{C44EDE38-8B47-4567-8B86-EB1E5561B44B}"
EndProject
Project("{FAE04EC0-301F-11D3-BF4B-00C04F79EFBC}") = "RuleEngine.Api.Tests", "tests\RuleEngine.Api.Tests\RuleEngine.Api.Tests.csproj", "{51213781-1E52-47DE-BA2D-1604EA71B8DC}"
EndProject
Global
	GlobalSection(SolutionConfigurationPlatforms) = preSolution
		Debug|Any CPU = Debug|Any CPU
		Debug|x64 = Debug|x64
		Debug|x86 = Debug|x86
		Release|Any CPU = Release|Any CPU
		Release|x64 = Release|x64
		Release|x86 = Release|x86
	EndGlobalSection
	GlobalSection(ProjectConfigurationPlatforms) = postSolution
		{C37C2026-75A2-4A01-A982-3EA1AF159281}.Debug|Any CPU.ActiveCfg = Debug|Any CPU
		{C37C2026-75A2-4A01-A982-3EA1AF159281}.Debug|Any CPU.Build.0 = Debug|Any CPU
		{C37C2026-75A2-4A01-A982-3EA1AF159281}.Debug|x64.ActiveCfg = Debug|Any CPU
		{C37C2026-75A2-4A01-A982-3EA1AF159281}.Debug|x64.Build.0 = Debug|Any CPU
		{C37C2026-75A2-4A01-A982-3EA1AF159281}.Debug|x86.ActiveCfg = Debug|Any CPU
		{C37C2026-75A2-4A01-A982-3EA1AF159281}.Debug|x86.Build.0 = Debug|Any CPU
		{C37C2026-75A2-4A01-A982-3EA1AF159281}.Release|Any CPU.ActiveCfg = Release|Any CPU
		{C37C2026-75A2-4A01-A982-3EA1AF159281}.Release|Any CPU.Build.0 = Release|Any CPU
		{C37C2026-75A2-4A01-A982-3EA1AF159281}.Release|x64.ActiveCfg = Release|Any CPU
		{C37C2026-75A2-4A01-A982-3EA1AF159281}.Release|x64.Build.0 = Release|Any CPU
		{C37C2026-75A2-4A01-A982-3EA1AF159281}.Release|x86.ActiveCfg = Release|Any CPU
		{C37C2026-75A2-4A01-A982-3EA1AF159281}.Release|x86.Build.0 = Release|Any CPU
		{CB2E2109-2A79-44B9-A855-FEC6B0346B82}.Debug|Any CPU.ActiveCfg = Debug|Any CPU
		{CB2E2109-2A79-44B9-A855-FEC6B0346B82}.Debug|Any CPU.Build.0 = Debug|Any CPU
		{CB2E2109-2A79-44B9-A855-FEC6B0346B82}.Debug|x64.ActiveCfg = Debug|Any CPU
		{CB2E2109-2A79-44B9-A855-FEC6B0346B82}.Debug|x64.Build.0 = Debug|Any CPU
		{CB2E2109-2A79-44B9-A855-FEC6B0346B82}.Debug|x86.ActiveCfg = Debug|Any CPU
		{CB2E2109-2A79-44B9-A855-FEC6B0346B82}.Debug|x86.Build.0 = Debug|Any CPU
		{CB2E2109-2A79-44B9-A855-FEC6B0346B82}.Release|Any CPU.ActiveCfg = Release|Any CPU
		{CB2E2109-2A79-44B9-A855-FEC6B0346B82}.Release|Any CPU.Build.0 = Release|Any CPU
		{CB2E2109-2A79-44B9-A855-FEC6B0346B82}.Release|x64.ActiveCfg = Release|Any CPU
		{CB2E2109-2A79-44B9-A855-FEC6B0346B82}.Release|x64.Build.0 = Release|Any CPU
		{CB2E2109-2A79-44B9-A855-FEC6B0346B82}.Release|x86.ActiveCfg = Release|Any CPU
		{CB2E2109-2A79-44B9-A855-FEC6B0346B82}.Release|x86.Build.0 = Release|Any CPU
		{CA2FAF35-6A35-49E3-A0A2-1300CEFD0C2A}.Debug|Any CPU.ActiveCfg = Debug|Any CPU
		{CA2FAF35-6A35-49E3-A0A2-1300CEFD0C2A}.Debug|Any CPU.Build.0 = Debug|Any CPU
		{CA2FAF35-6A35-49E3-A0A2-1300CEFD0C2A}.Debug|x64.ActiveCfg = Debug|Any CPU
		{CA2FAF35-6A35-49E3-A0A2-1300CEFD0C2A}.Debug|x64.Build.0 = Debug|Any CPU
		{CA2FAF35-6A35-49E3-A0A2-1300CEFD0C2A}.Debug|x86.ActiveCfg = Debug|Any CPU
		{CA2FAF35-6A35-49E3-A0A2-1300CEFD0C2A}.Debug|x86.Build.0 = Debug|Any CPU
		{CA2FAF35-6A35-49E3-A0A2-1300CEFD0C2A}.Release|Any CPU.ActiveCfg = Release|Any CPU
		{CA2FAF35-6A35-49E3-A0A2-1300CEFD0C2A}.Release|Any CPU.Build.0 = Release|Any CPU
		{CA2FAF35-6A35-49E3-A0A2-1300CEFD0C2A}.Release|x64.ActiveCfg = Release|Any CPU
		{CA2FAF35-6A35-49E3-A0A2-1300CEFD0C2A}.Release|x64.Build.0 = Release|Any CPU
		{CA2FAF35-6A35-49E3-A0A2-1300CEFD0C2A}.Release|x86.ActiveCfg = Release|Any CPU
		{CA2FAF35-6A35-49E3-A0A2-1300CEFD0C2A}.Release|x86.Build.0 = Release|Any CPU
		{EBA66A43-BABC-4D11-BDB4-7608B435526F}.Debug|Any CPU.ActiveCfg = Debug|Any CPU
		{EBA66A43-BABC-4D11-BDB4-7608B435526F}.Debug|Any CPU.Build.0 = Debug|Any CPU
		{EBA66A43-BABC-4D11-BDB4-7608B435526F}.Debug|x64.ActiveCfg = Debug|Any CPU
		{EBA66A43-BABC-4D11-BDB4-7608B435526F}.Debug|x64.Build.0 = Debug|Any CPU
		{EBA66A43-BABC-4D11-BDB4-7608B435526F}.Debug|x86.ActiveCfg = Debug|Any CPU
		{EBA66A43-BABC-4D11-BDB4-7608B435526F}.Debug|x86.Build.0 = Debug|Any CPU
		{EBA66A43-BABC-4D11-BDB4-7608B435526F}.Release|Any CPU.ActiveCfg = Release|Any CPU
		{EBA66A43-BABC-4D11-BDB4-7608B435526F}.Release|Any CPU.Build.0 = Release|Any CPU
		{EBA66A43-BABC-4D11-BDB4-7608B435526F}.Release|x64.ActiveCfg = Release|Any CPU
		{EBA66A43-BABC-4D11-BDB4-7608B435526F}.Release|x64.Build.0 = Release|Any CPU
		{EBA66A43-BABC-4D11-BDB4-7608B435526F}.Release|x86.ActiveCfg = Release|Any CPU
		{EBA66A43-BABC-4D11-BDB4-7608B435526F}.Release|x86.Build.0 = Release|Any CPU
		{F6293ED3-AEA5-4FEA-9130-82E45FA59BCB}.Debug|Any CPU.ActiveCfg = Debug|Any CPU
		{F6293ED3-AEA5-4FEA-9130-82E45FA59BCB}.Debug|Any CPU.Build.0 = Debug|Any CPU
		{F6293ED3-AEA5-4FEA-9130-82E45FA59BCB}.Debug|x64.ActiveCfg = Debug|Any CPU
		{F6293ED3-AEA5-4FEA-9130-82E45FA59BCB}.Debug|x64.Build.0 = Debug|Any CPU
		{F6293ED3-AEA5-4FEA-9130-82E45FA59BCB}.Debug|x86.ActiveCfg = Debug|Any CPU
		{F6293ED3-AEA5-4FEA-9130-82E45FA59BCB}.Debug|x86.Build.0 = Debug|Any CPU
		{F6293ED3-AEA5-4FEA-9130-82E45FA59BCB}.Release|Any CPU.ActiveCfg = Release|Any CPU
		{F6293ED3-AEA5-4FEA-9130-82E45FA59BCB}.Release|Any CPU.Build.0 = Release|Any CPU
		{F6293ED3-AEA5-4FEA-9130-82E45FA59BCB}.Release|x64.ActiveCfg = Release|Any CPU
		{F6293ED3-AEA5-4FEA-9130-82E45FA59BCB}.Release|x64.Build.0 = Release|Any CPU
		{F6293ED3-AEA5-4FEA-9130-82E45FA59BCB}.Release|x86.ActiveCfg = Release|Any CPU
		{F6293ED3-AEA5-4FEA-9130-82E45FA59BCB}.Release|x86.Build.0 = Release|Any CPU
		{53852608-A1FE-4C6F-8781-2831346D4439}.Debug|Any CPU.ActiveCfg = Debug|Any CPU
		{53852608-A1FE-4C6F-8781-2831346D4439}.Debug|Any CPU.Build.0 = Debug|Any CPU
		{53852608-A1FE-4C6F-8781-2831346D4439}.Debug|x64.ActiveCfg = Debug|Any CPU
		{53852608-A1FE-4C6F-8781-2831346D4439}.Debug|x64.Build.0 = Debug|Any CPU
		{53852608-A1FE-4C6F-8781-2831346D4439}.Debug|x86.ActiveCfg = Debug|Any CPU
		{53852608-A1FE-4C6F-8781-2831346D4439}.Debug|x86.Build.0 = Debug|Any CPU
		{53852608-A1FE-4C6F-8781-2831346D4439}.Release|Any CPU.ActiveCfg = Release|Any CPU
		{53852608-A1FE-4C6F-8781-2831346D4439}.Release|Any CPU.Build.0 = Release|Any CPU
		{53852608-A1FE-4C6F-8781-2831346D4439}.Release|x64.ActiveCfg = Release|Any CPU
		{53852608-A1FE-4C6F-8781-2831346D4439}.Release|x64.Build.0 = Release|Any CPU
		{53852608-A1FE-4C6F-8781-2831346D4439}.Release|x86.ActiveCfg = Release|Any CPU
		{53852608-A1FE-4C6F-8781-2831346D4439}.Release|x86.Build.0 = Release|Any CPU
		{C44EDE38-8B47-4567-8B86-EB1E5561B44B}.Debug|Any CPU.ActiveCfg = Debug|Any CPU
		{C44EDE38-8B47-4567-8B86-EB1E5561B44B}.Debug|Any CPU.Build.0 = Debug|Any CPU
		{C44EDE38-8B47-4567-8B86-EB1E5561B44B}.Debug|x64.ActiveCfg = Debug|Any CPU
		{C44EDE38-8B47-4567-8B86-EB1E5561B44B}.Debug|x64.Build.0 = Debug|Any CPU
		{C44EDE38-8B47-4567-8B86-EB1E5561B44B}.Debug|x86.ActiveCfg = Debug|Any CPU
		{C44EDE38-8B47-4567-8B86-EB1E5561B44B}.Debug|x86.Build.0 = Debug|Any CPU
		{C44EDE38-8B47-4567-8B86-EB1E5561B44B}.Release|Any CPU.ActiveCfg = Release|Any CPU
		{C44EDE38-8B47-4567-8B86-EB1E5561B44B}.Release|Any CPU.Build.0 = Release|Any CPU
		{C44EDE38-8B47-4567-8B86-EB1E5561B44B}.Release|x64.ActiveCfg = Release|Any CPU
		{C44EDE38-8B47-4567-8B86-EB1E5561B44B}.Release|x64.Build.0 = Release|Any CPU
		{C44EDE38-8B47-4567-8B86-EB1E5561B44B}.Release|x86.ActiveCfg = Release|Any CPU
		{C44EDE38-8B47-4567-8B86-EB1E5561B44B}.Release|x86.Build.0 = Release|Any CPU
		{51213781-1E52-47DE-BA2D-1604EA71B8DC}.Debug|Any CPU.ActiveCfg = Debug|Any CPU
		{51213781-1E52-47DE-BA2D-1604EA71B8DC}.Debug|Any CPU.Build.0 = Debug|Any CPU
		{51213781-1E52-47DE-BA2D-1604EA71B8DC}.Debug|x64.ActiveCfg = Debug|Any CPU
		{51213781-1E52-47DE-BA2D-1604EA71B8DC}.Debug|x64.Build.0 = Debug|Any CPU
		{51213781-1E52-47DE-BA2D-1604EA71B8DC}.Debug|x86.ActiveCfg = Debug|Any CPU
		{51213781-1E52-47DE-BA2D-1604EA71B8DC}.Debug|x86.Build.0 = Debug|Any CPU
		{51213781-1E52-47DE-BA2D-1604EA71B8DC}.Release|Any CPU.ActiveCfg = Release|Any CPU
		{51213781-1E52-47DE-BA2D-1604EA71B8DC}.Release|Any CPU.Build.0 = Release|Any CPU
		{51213781-1E52-47DE-BA2D-1604EA71B8DC}.Release|x64.ActiveCfg = Release|Any CPU
		{51213781-1E52-47DE-BA2D-1604EA71B8DC}.Release|x64.Build.0 = Release|Any CPU
		{51213781-1E52-47DE-BA2D-1604EA71B8DC}.Release|x86.ActiveCfg = Release|Any CPU
		{51213781-1E52-47DE-BA2D-1604EA71B8DC}.Release|x86.Build.0 = Release|Any CPU
	EndGlobalSection
	GlobalSection(SolutionProperties) = preSolution
		HideSolutionNode = FALSE
	EndGlobalSection
	GlobalSection(NestedProjects) = preSolution
		{C37C2026-75A2-4A01-A982-3EA1AF159281} = {827E0CD3-B72D-47B6-A68D-7590B98EB39B}
		{CB2E2109-2A79-44B9-A855-FEC6B0346B82} = {827E0CD3-B72D-47B6-A68D-7590B98EB39B}
		{CA2FAF35-6A35-49E3-A0A2-1300CEFD0C2A} = {827E0CD3-B72D-47B6-A68D-7590B98EB39B}
		{EBA66A43-BABC-4D11-BDB4-7608B435526F} = {827E0CD3-B72D-47B6-A68D-7590B98EB39B}
		{F6293ED3-AEA5-4FEA-9130-82E45FA59BCB} = {0AB3BF05-4346-4AA6-1389-037BE0695223}
		{53852608-A1FE-4C6F-8781-2831346D4439} = {0AB3BF05-4346-4AA6-1389-037BE0695223}
		{C44EDE38-8B47-4567-8B86-EB1E5561B44B} = {0AB3BF05-4346-4AA6-1389-037BE0695223}
		{51213781-1E52-47DE-BA2D-1604EA71B8DC} = {0AB3BF05-4346-4AA6-1389-037BE0695223}
	EndGlobalSection
EndGlobal
